
Microsoft Visual Studio Solution File, Format Version 12.00
# Visual Studio Version 16
VisualStudioVersion = 16.0.31019.35
MinimumVisualStudioVersion = 10.0.40219.1
Project("{8BC9CEB8-8B4A-11D0-8D11-00A0C91BC942}") = "DeviceDriver", "DeviceDriver\DeviceDriver.vcxproj", "{AD3ABE1F-DDD3-4257-AB21-0B3502812D4E}"
EndProject
Project("{8BC9CEB8-8B4A-11D0-8D11-00A0C91BC942}") = "GoogleTest", "GoogleTest\GoogleTest.vcxproj", "{9EB55F04-7A7B-44DC-8A50-658A849874B5}"
EndProject
Global
	GlobalSection(SolutionConfigurationPlatforms) = preSolution
		Debug|x64 = Debug|x64
		Debug|x86 = Debug|x86
		Release|x64 = Release|x64
		Release|x86 = Release|x86
	EndGlobalSection
	GlobalSection(ProjectConfigurationPlatforms) = postSolution
		{AD3ABE1F-DDD3-4257-AB21-0B3502812D4E}.Debug|x64.ActiveCfg = Debug|x64
		{AD3ABE1F-DDD3-4257-AB21-0B3502812D4E}.Debug|x64.Build.0 = Debug|x64
		{AD3ABE1F-DDD3-4257-AB21-0B3502812D4E}.Debug|x86.ActiveCfg = Debug|Win32
		{AD3ABE1F-DDD3-4257-AB21-0B3502812D4E}.Debug|x86.Build.0 = Debug|Win32
		{AD3ABE1F-DDD3-4257-AB21-0B3502812D4E}.Release|x64.ActiveCfg = Release|x64
		{AD3ABE1F-DDD3-4257-AB21-0B3502812D4E}.Release|x64.Build.0 = Release|x64
		{AD3ABE1F-DDD3-4257-AB21-0B3502812D4E}.Release|x86.ActiveCfg = Release|Win32
		{AD3ABE1F-DDD3-4257-AB21-0B3502812D4E}.Release|x86.Build.0 = Release|Win32
		{9EB55F04-7A7B-44DC-8A50-658A849874B5}.Debug|x64.ActiveCfg = Debug|x64
		{9EB55F04-7A7B-44DC-8A50-658A849874B5}.Debug|x64.Build.0 = Debug|x64
		{9EB55F04-7A7B-44DC-8A50-658A849874B5}.Debug|x86.ActiveCfg = Debug|Win32
		{9EB55F04-7A7B-44DC-8A50-658A849874B5}.Debug|x86.Build.0 = Debug|Win32
		{9EB55F04-7A7B-44DC-8A50-658A849874B5}.Release|x64.ActiveCfg = Release|x64
		{9EB55F04-7A7B-44DC-8A50-658A849874B5}.Release|x64.Build.0 = Release|x64
		{9EB55F04-7A7B-44DC-8A50-658A849874B5}.Release|x86.ActiveCfg = Release|Win32
		{9EB55F04-7A7B-44DC-8A50-658A849874B5}.Release|x86.Build.0 = Release|Win32
	EndGlobalSection
	GlobalSection(SolutionProperties) = preSolution
		HideSolutionNode = FALSE
	EndGlobalSection
	GlobalSection(ExtensibilityGlobals) = postSolution
		SolutionGuid = {81CC1223-93AF-44C3-86EA-9D9D0E799B09}
	EndGlobalSection
EndGlobal
